{
  "name": "@codefeathers/cmd-js",
  "version": "0.2.0",
  "lockfileVersion": 1,
  "requires": true,
  "dependencies": {
    "@codefeathers/fuse": {
      "version": "0.11.1",
      "resolved": "http://localhost:4873/@codefeathers%2ffuse/-/fuse-0.11.1.tgz",
      "integrity": "sha512-rRnO00M1zkE6+ipIoqvzRyG3PFnkJWRhJonDXtjzmDwoJnZL4/qScqVwmJ3zW2vbYbi5rGqaUoyfdS7Acwo38A=="
    },
    "bluebird": {
      "version": "3.5.1",
      "resolved": "http://localhost:4873/bluebird/-/bluebird-3.5.1.tgz",
      "integrity": "sha512-MKiLiV+I1AA596t9w1sQJ8jkiSr5+ZKi0WKrYGUn6d1Fx+Ij4tIj+m2WMQSGczs5jZVxV339chE8iwk6F64wjA=="
    },
    "minimist": {
      "version": "1.2.0",
      "resolved": "http://localhost:4873/minimist/-/minimist-1.2.0.tgz",
      "integrity": "sha1-o1AIsg9BOD7sH7kU9M1d95omQoQ="
    },
    "require-all": {
      "version": "2.2.0",
      "resolved": "http://localhost:4873/require-all/-/require-all-2.2.0.tgz",
      "integrity": "sha1-tEIMIzrAKC0P9Jsnf7iAqLXeCJQ="
    }
  }
}
